
Microsoft Visual Studio Solution File, Format Version 12.00
# Visual Studio Version 16
VisualStudioVersion = 16.0.29409.12
MinimumVisualStudioVersion = 10.0.40219.1
Project("{FAE04EC0-301F-11D3-BF4B-00C04F79EFBC}") = "Balancing_robot_GUI", "Balancing_robot_GUI.csproj", "{09772597-FDB8-4BA8-8C84-9BB2D863415A}"
EndProject
Global
	GlobalSection(SolutionConfigurationPlatforms) = preSolution
		Debug|Any CPU = Debug|Any CPU
		Release|Any CPU = Release|Any CPU
	EndGlobalSection
	GlobalSection(ProjectConfigurationPlatforms) = postSolution
		{09772597-FDB8-4BA8-8C84-9BB2D863415A}.Debug|Any CPU.ActiveCfg = Debug|Any CPU
		{09772597-FDB8-4BA8-8C84-9BB2D863415A}.Debug|Any CPU.Build.0 = Debug|Any CPU
		{09772597-FDB8-4BA8-8C84-9BB2D863415A}.Release|Any CPU.ActiveCfg = Release|Any CPU
		{09772597-FDB8-4BA8-8C84-9BB2D863415A}.Release|Any CPU.Build.0 = Release|Any CPU
	EndGlobalSection
	GlobalSection(SolutionProperties) = preSolution
		HideSolutionNode = FALSE
	EndGlobalSection
	GlobalSection(ExtensibilityGlobals) = postSolution
		SolutionGuid = {F2E46D52-AB1C-4C05-800F-70841A04496B}
	EndGlobalSection
EndGlobal
